// !$*UTF8*$!
{
	archiveVersion = 1;
	classes = {
	};
	objectVersion = 46;
	objects = {

/* Begin PBXBuildFile section */
		DC0FE0D81C834A7900D68DEC /* AppDelegate.swift in Sources */ = {isa = PBXBuildFile; fileRef = DC0FE0D71C834A7900D68DEC /* AppDelegate.swift */; };
		DC0FE0DA1C834A7900D68DEC /* ViewController.swift in Sources */ = {isa = PBXBuildFile; fileRef = DC0FE0D91C834A7900D68DEC /* ViewController.swift */; };
		DC0FE0DD1C834A7900D68DEC /* Main.storyboard in Resources */ = {isa = PBXBuildFile; fileRef = DC0FE0DB1C834A7900D68DEC /* Main.storyboard */; };
		DC0FE0DF1C834A7900D68DEC /* Assets.xcassets in Resources */ = {isa = PBXBuildFile; fileRef = DC0FE0DE1C834A7900D68DEC /* Assets.xcassets */; };
		DC0FE0E21C834A7900D68DEC /* LaunchScreen.storyboard in Resources */ = {isa = PBXBuildFile; fileRef = DC0FE0E01C834A7900D68DEC /* LaunchScreen.storyboard */; };
		DC0FE0ED1C834A7900D68DEC /* HeadsUpHoldEm_FelixS_iOSDev1Tests.swift in Sources */ = {isa = PBXBuildFile; fileRef = DC0FE0EC1C834A7900D68DEC /* HeadsUpHoldEm_FelixS_iOSDev1Tests.swift */; };
		DC0FE0F81C834A7900D68DEC /* HeadsUpHoldEm_FelixS_iOSDev1UITests.swift in Sources */ = {isa = PBXBuildFile; fileRef = DC0FE0F71C834A7900D68DEC /* HeadsUpHoldEm_FelixS_iOSDev1UITests.swift */; };
/* End PBXBuildFile section */

/* Begin PBXContainerItemProxy section */
		DC0FE0E91C834A7900D68DEC /* PBXContainerItemProxy */ = {
			isa = PBXContainerItemProxy;
			containerPortal = DC0FE0CC1C834A7900D68DEC /* Project object */;
			proxyType = 1;
			remoteGlobalIDString = DC0FE0D31C834A7900D68DEC;
			remoteInfo = "HeadsUpHoldEm-FelixS-iOSDev1";
		};
		DC0FE0F41C834A7900D68DEC /* PBXContainerItemProxy */ = {
			isa = PBXContainerItemProxy;
			containerPortal = DC0FE0CC1C834A7900D68DEC /* Project object */;
			proxyType = 1;
			remoteGlobalIDString = DC0FE0D31C834A7900D68DEC;
			remoteInfo = "HeadsUpHoldEm-FelixS-iOSDev1";
		};
/* End PBXContainerItemProxy section */

/* Begin PBXFileReference section */
		DC0FE0D41C834A7900D68DEC /* HeadsUpHoldEm-FelixS-iOSDev1.app */ = {isa = PBXFileReference; explicitFileType = wrapper.application; includeInIndex = 0; path = "HeadsUpHoldEm-FelixS-iOSDev1.app"; sourceTree = BUILT_PRODUCTS_DIR; };
		DC0FE0D71C834A7900D68DEC /* AppDelegate.swift */ = {isa = PBXFileReference; lastKnownFileType = sourcecode.swift; path = AppDelegate.swift; sourceTree = "<group>"; };
		DC0FE0D91C834A7900D68DEC /* ViewController.swift */ = {isa = PBXFileReference; lastKnownFileType = sourcecode.swift; path = ViewController.swift; sourceTree = "<group>"; };
		DC0FE0DC1C834A7900D68DEC /* Base */ = {isa = PBXFileReference; lastKnownFileType = file.storyboard; name = Base; path = Base.lproj/Main.storyboard; sourceTree = "<group>"; };
		DC0FE0DE1C834A7900D68DEC /* Assets.xcassets */ = {isa = PBXFileReference; lastKnownFileType = folder.assetcatalog; path = Assets.xcassets; sourceTree = "<group>"; };
		DC0FE0E11C834A7900D68DEC /* Base */ = {isa = PBXFileReference; lastKnownFileType = file.storyboard; name = Base; path = Base.lproj/LaunchScreen.storyboard; sourceTree = "<group>"; };
		DC0FE0E31C834A7900D68DEC /* Info.plist */ = {isa = PBXFileReference; lastKnownFileType = text.plist.xml; path = Info.plist; sourceTree = "<group>"; };
		DC0FE0E81C834A7900D68DEC /* HeadsUpHoldEm-FelixS-iOSDev1Tests.xctest */ = {isa = PBXFileReference; explicitFileType = wrapper.cfbundle; includeInIndex = 0; path = "HeadsUpHoldEm-FelixS-iOSDev1Tests.xctest"; sourceTree = BUILT_PRODUCTS_DIR; };
		DC0FE0EC1C834A7900D68DEC /* HeadsUpHoldEm_FelixS_iOSDev1Tests.swift */ = {isa = PBXFileReference; lastKnownFileType = sourcecode.swift; path = HeadsUpHoldEm_FelixS_iOSDev1Tests.swift; sourceTree = "<group>"; };
		DC0FE0EE1C834A7900D68DEC /* Info.plist */ = {isa = PBXFileReference; lastKnownFileType = text.plist.xml; path = Info.plist; sourceTree = "<group>"; };
		DC0FE0F31C834A7900D68DEC /* HeadsUpHoldEm-FelixS-iOSDev1UITests.xctest */ = {isa = PBXFileReference; explicitFileType = wrapper.cfbundle; includeInIndex = 0; path = "HeadsUpHoldEm-FelixS-iOSDev1UITests.xctest"; sourceTree = BUILT_PRODUCTS_DIR; };
		DC0FE0F71C834A7900D68DEC /* HeadsUpHoldEm_FelixS_iOSDev1UITests.swift */ = {isa = PBXFileReference; lastKnownFileType = sourcecode.swift; path = HeadsUpHoldEm_FelixS_iOSDev1UITests.swift; sourceTree = "<group>"; };
		DC0FE0F91C834A7900D68DEC /* Info.plist */ = {isa = PBXFileReference; lastKnownFileType = text.plist.xml; path = Info.plist; sourceTree = "<group>"; };
/* End PBXFileReference section */

/* Begin PBXFrameworksBuildPhase section */
		DC0FE0D11C834A7900D68DEC /* Frameworks */ = {
			isa = PBXFrameworksBuildPhase;
			buildActionMask = 2147483647;
			files = (
			);
			runOnlyForDeploymentPostprocessing = 0;
		};
		DC0FE0E51C834A7900D68DEC /* Frameworks */ = {
			isa = PBXFrameworksBuildPhase;
			buildActionMask = 2147483647;
			files = (
			);
			runOnlyForDeploymentPostprocessing = 0;
		};
		DC0FE0F01C834A7900D68DEC /* Frameworks */ = {
			isa = PBXFrameworksBuildPhase;
			buildActionMask = 2147483647;
			files = (
			);
			runOnlyForDeploymentPostprocessing = 0;
		};
/* End PBXFrameworksBuildPhase section */

/* Begin PBXGroup section */
		DC0FE0CB1C834A7900D68DEC = {
			isa = PBXGroup;
			children = (
				DC0FE0D61C834A7900D68DEC /* HeadsUpHoldEm-FelixS-iOSDev1 */,
				DC0FE0EB1C834A7900D68DEC /* HeadsUpHoldEm-FelixS-iOSDev1Tests */,
				DC0FE0F61C834A7900D68DEC /* HeadsUpHoldEm-FelixS-iOSDev1UITests */,
				DC0FE0D51C834A7900D68DEC /* Products */,
			);
			sourceTree = "<group>";
		};
		DC0FE0D51C834A7900D68DEC /* Products */ = {
			isa = PBXGroup;
			children = (
				DC0FE0D41C834A7900D68DEC /* HeadsUpHoldEm-FelixS-iOSDev1.app */,
				DC0FE0E81C834A7900D68DEC /* HeadsUpHoldEm-FelixS-iOSDev1Tests.xctest */,
				DC0FE0F31C834A7900D68DEC /* HeadsUpHoldEm-FelixS-iOSDev1UITests.xctest */,
			);
			name = Products;
			sourceTree = "<group>";
		};
		DC0FE0D61C834A7900D68DEC /* HeadsUpHoldEm-FelixS-iOSDev1 */ = {
			isa = PBXGroup;
			children = (
				DC0FE0D71C834A7900D68DEC /* AppDelegate.swift */,
				DC0FE0D91C834A7900D68DEC /* ViewController.swift */,
				DC0FE0DB1C834A7900D68DEC /* Main.storyboard */,
				DC0FE0DE1C834A7900D68DEC /* Assets.xcassets */,
				DC0FE0E01C834A7900D68DEC /* LaunchScreen.storyboard */,
				DC0FE0E31C834A7900D68DEC /* Info.plist */,
			);
			path = "HeadsUpHoldEm-FelixS-iOSDev1";
			sourceTree = "<group>";
		};
		DC0FE0EB1C834A7900D68DEC /* HeadsUpHoldEm-FelixS-iOSDev1Tests */ = {
			isa = PBXGroup;
			children = (
				DC0FE0EC1C834A7900D68DEC /* HeadsUpHoldEm_FelixS_iOSDev1Tests.swift */,
				DC0FE0EE1C834A7900D68DEC /* Info.plist */,
			);
			path = "HeadsUpHoldEm-FelixS-iOSDev1Tests";
			sourceTree = "<group>";
		};
		DC0FE0F61C834A7900D68DEC /* HeadsUpHoldEm-FelixS-iOSDev1UITests */ = {
			isa = PBXGroup;
			children = (
				DC0FE0F71C834A7900D68DEC /* HeadsUpHoldEm_FelixS_iOSDev1UITests.swift */,
				DC0FE0F91C834A7900D68DEC /* Info.plist */,
			);
			path = "HeadsUpHoldEm-FelixS-iOSDev1UITests";
			sourceTree = "<group>";
		};
/* End PBXGroup section */

/* Begin PBXNativeTarget section */
		DC0FE0D31C834A7900D68DEC /* HeadsUpHoldEm-FelixS-iOSDev1 */ = {
			isa = PBXNativeTarget;
			buildConfigurationList = DC0FE0FC1C834A7900D68DEC /* Build configuration list for PBXNativeTarget "HeadsUpHoldEm-FelixS-iOSDev1" */;
			buildPhases = (
				DC0FE0D01C834A7900D68DEC /* Sources */,
				DC0FE0D11C834A7900D68DEC /* Frameworks */,
				DC0FE0D21C834A7900D68DEC /* Resources */,
			);
			buildRules = (
			);
			dependencies = (
			);
			name = "HeadsUpHoldEm-FelixS-iOSDev1";
			productName = "HeadsUpHoldEm-FelixS-iOSDev1";
			productReference = DC0FE0D41C834A7900D68DEC /* HeadsUpHoldEm-FelixS-iOSDev1.app */;
			productType = "com.apple.product-type.application";
		};
		DC0FE0E71C834A7900D68DEC /* HeadsUpHoldEm-FelixS-iOSDev1Tests */ = {
			isa = PBXNativeTarget;
			buildConfigurationList = DC0FE0FF1C834A7900D68DEC /* Build configuration list for PBXNativeTarget "HeadsUpHoldEm-FelixS-iOSDev1Tests" */;
			buildPhases = (
				DC0FE0E41C834A7900D68DEC /* Sources */,
				DC0FE0E51C834A7900D68DEC /* Frameworks */,
				DC0FE0E61C834A7900D68DEC /* Resources */,
			);
			buildRules = (
			);
			dependencies = (
				DC0FE0EA1C834A7900D68DEC /* PBXTargetDependency */,
			);
			name = "HeadsUpHoldEm-FelixS-iOSDev1Tests";
			productName = "HeadsUpHoldEm-FelixS-iOSDev1Tests";
			productReference = DC0FE0E81C834A7900D68DEC /* HeadsUpHoldEm-FelixS-iOSDev1Tests.xctest */;
			productType = "com.apple.product-type.bundle.unit-test";
		};
		DC0FE0F21C834A7900D68DEC /* HeadsUpHoldEm-FelixS-iOSDev1UITests */ = {
			isa = PBXNativeTarget;
			buildConfigurationList = DC0FE1021C834A7900D68DEC /* Build configuration list for PBXNativeTarget "HeadsUpHoldEm-FelixS-iOSDev1UITests" */;
			buildPhases = (
				DC0FE0EF1C834A7900D68DEC /* Sources */,
				DC0FE0F01C834A7900D68DEC /* Frameworks */,
				DC0FE0F11C834A7900D68DEC /* Resources */,
			);
			buildRules = (
			);
			dependencies = (
				DC0FE0F51C834A7900D68DEC /* PBXTargetDependency */,
			);
			name = "HeadsUpHoldEm-FelixS-iOSDev1UITests";
			productName = "HeadsUpHoldEm-FelixS-iOSDev1UITests";
			productReference = DC0FE0F31C834A7900D68DEC /* HeadsUpHoldEm-FelixS-iOSDev1UITests.xctest */;
			productType = "com.apple.product-type.bundle.ui-testing";
		};
/* End PBXNativeTarget section */

/* Begin PBXProject section */
		DC0FE0CC1C834A7900D68DEC /* Project object */ = {
			isa = PBXProject;
			attributes = {
				LastSwiftUpdateCheck = 0720;
				LastUpgradeCheck = 0720;
				ORGANIZATIONNAME = "Nestor Sotres";
				TargetAttributes = {
					DC0FE0D31C834A7900D68DEC = {
						CreatedOnToolsVersion = 7.2;
					};
					DC0FE0E71C834A7900D68DEC = {
						CreatedOnToolsVersion = 7.2;
						TestTargetID = DC0FE0D31C834A7900D68DEC;
					};
					DC0FE0F21C834A7900D68DEC = {
						CreatedOnToolsVersion = 7.2;
						TestTargetID = DC0FE0D31C834A7900D68DEC;
					};
				};
			};
			buildConfigurationList = DC0FE0CF1C834A7900D68DEC /* Build configuration list for PBXProject "HeadsUpHoldEm-FelixS-iOSDev1" */;
			compatibilityVersion = "Xcode 3.2";
			developmentRegion = English;
			hasScannedForEncodings = 0;
			knownRegions = (
				en,
				Base,
			);
			mainGroup = DC0FE0CB1C834A7900D68DEC;
			productRefGroup = DC0FE0D51C834A7900D68DEC /* Products */;
			projectDirPath = "";
			projectRoot = "";
			targets = (
				DC0FE0D31C834A7900D68DEC /* HeadsUpHoldEm-FelixS-iOSDev1 */,
				DC0FE0E71C834A7900D68DEC /* HeadsUpHoldEm-FelixS-iOSDev1Tests */,
				DC0FE0F21C834A7900D68DEC /* HeadsUpHoldEm-FelixS-iOSDev1UITests */,
			);
		};
/* End PBXProject section */

/* Begin PBXResourcesBuildPhase section */
		DC0FE0D21C834A7900D68DEC /* Resources */ = {
			isa = PBXResourcesBuildPhase;
			buildActionMask = 2147483647;
			files = (
				DC0FE0E21C834A7900D68DEC /* LaunchScreen.storyboard in Resources */,
				DC0FE0DF1C834A7900D68DEC /* Assets.xcassets in Resources */,
				DC0FE0DD1C834A7900D68DEC /* Main.storyboard in Resources */,
			);
			runOnlyForDeploymentPostprocessing = 0;
		};
		DC0FE0E61C834A7900D68DEC /* Resources */ = {
			isa = PBXResourcesBuildPhase;
			buildActionMask = 2147483647;
			files = (
			);
			runOnlyForDeploymentPostprocessing = 0;
		};
		DC0FE0F11C834A7900D68DEC /* Resources */ = {
			isa = PBXResourcesBuildPhase;
			buildActionMask = 2147483647;
			files = (
			);
			runOnlyForDeploymentPostprocessing = 0;
		};
/* End PBXResourcesBuildPhase section */

/* Begin PBXSourcesBuildPhase section */
		DC0FE0D01C834A7900D68DEC /* Sources */ = {
			isa = PBXSourcesBuildPhase;
			buildActionMask = 2147483647;
			files = (
				DC0FE0DA1C834A7900D68DEC /* ViewController.swift in Sources */,
				DC0FE0D81C834A7900D68DEC /* AppDelegate.swift in Sources */,
			);
			runOnlyForDeploymentPostprocessing = 0;
		};
		DC0FE0E41C834A7900D68DEC /* Sources */ = {
			isa = PBXSourcesBuildPhase;
			buildActionMask = 2147483647;
			files = (
				DC0FE0ED1C834A7900D68DEC /* HeadsUpHoldEm_FelixS_iOSDev1Tests.swift in Sources */,
			);
			runOnlyForDeploymentPostprocessing = 0;
		};
		DC0FE0EF1C834A7900D68DEC /* Sources */ = {
			isa = PBXSourcesBuildPhase;
			buildActionMask = 2147483647;
			files = (
				DC0FE0F81C834A7900D68DEC /* HeadsUpHoldEm_FelixS_iOSDev1UITests.swift in Sources */,
			);
			runOnlyForDeploymentPostprocessing = 0;
		};
/* End PBXSourcesBuildPhase section */

/* Begin PBXTargetDependency section */
		DC0FE0EA1C834A7900D68DEC /* PBXTargetDependency */ = {
			isa = PBXTargetDependency;
			target = DC0FE0D31C834A7900D68DEC /* HeadsUpHoldEm-FelixS-iOSDev1 */;
			targetProxy = DC0FE0E91C834A7900D68DEC /* PBXContainerItemProxy */;
		};
		DC0FE0F51C834A7900D68DEC /* PBXTargetDependency */ = {
			isa = PBXTargetDependency;
			target = DC0FE0D31C834A7900D68DEC /* HeadsUpHoldEm-FelixS-iOSDev1 */;
			targetProxy = DC0FE0F41C834A7900D68DEC /* PBXContainerItemProxy */;
		};
/* End PBXTargetDependency section */

/* Begin PBXVariantGroup section */
		DC0FE0DB1C834A7900D68DEC /* Main.storyboard */ = {
			isa = PBXVariantGroup;
			children = (
				DC0FE0DC1C834A7900D68DEC /* Base */,
			);
			name = Main.storyboard;
			sourceTree = "<group>";
		};
		DC0FE0E01C834A7900D68DEC /* LaunchScreen.storyboard */ = {
			isa = PBXVariantGroup;
			children = (
				DC0FE0E11C834A7900D68DEC /* Base */,
			);
			name = LaunchScreen.storyboard;
			sourceTree = "<group>";
		};
/* End PBXVariantGroup section */

/* Begin XCBuildConfiguration section */
		DC0FE0FA1C834A7900D68DEC /* Debug */ = {
			isa = XCBuildConfiguration;
			buildSettings = {
				ALWAYS_SEARCH_USER_PATHS = NO;
				CLANG_CXX_LANGUAGE_STANDARD = "gnu++0x";
				CLANG_CXX_LIBRARY = "libc++";
				CLANG_ENABLE_MODULES = YES;
				CLANG_ENABLE_OBJC_ARC = YES;
				CLANG_WARN_BOOL_CONVERSION = YES;
				CLANG_WARN_CONSTANT_CONVERSION = YES;
				CLANG_WARN_DIRECT_OBJC_ISA_USAGE = YES_ERROR;
				CLANG_WARN_EMPTY_BODY = YES;
				CLANG_WARN_ENUM_CONVERSION = YES;
				CLANG_WARN_INT_CONVERSION = YES;
				CLANG_WARN_OBJC_ROOT_CLASS = YES_ERROR;
				CLANG_WARN_UNREACHABLE_CODE = YES;
				CLANG_WARN__DUPLICATE_METHOD_MATCH = YES;
				"CODE_SIGN_IDENTITY[sdk=iphoneos*]" = "iPhone Developer";
				COPY_PHASE_STRIP = NO;
				DEBUG_INFORMATION_FORMAT = dwarf;
				ENABLE_STRICT_OBJC_MSGSEND = YES;
				ENABLE_TESTABILITY = YES;
				GCC_C_LANGUAGE_STANDARD = gnu99;
				GCC_DYNAMIC_NO_PIC = NO;
				GCC_NO_COMMON_BLOCKS = YES;
				GCC_OPTIMIZATION_LEVEL = 0;
				GCC_PREPROCESSOR_DEFINITIONS = (
					"DEBUG=1",
					"$(inherited)",
				);
				GCC_WARN_64_TO_32_BIT_CONVERSION = YES;
				GCC_WARN_ABOUT_RETURN_TYPE = YES_ERROR;
				GCC_WARN_UNDECLARED_SELECTOR = YES;
				GCC_WARN_UNINITIALIZED_AUTOS = YES_AGGRESSIVE;
				GCC_WARN_UNUSED_FUNCTION = YES;
				GCC_WARN_UNUSED_VARIABLE = YES;
				IPHONEOS_DEPLOYMENT_TARGET = 9.2;
				MTL_ENABLE_DEBUG_INFO = YES;
				ONLY_ACTIVE_ARCH = YES;
				SDKROOT = iphoneos;
				SWIFT_OPTIMIZATION_LEVEL = "-Onone";
				TARGETED_DEVICE_FAMILY = "1,2";
			};
			name = Debug;
		};
		DC0FE0FB1C834A7900D68DEC /* Release */ = {
			isa = XCBuildConfiguration;
			buildSettings = {
				ALWAYS_SEARCH_USER_PATHS = NO;
				CLANG_CXX_LANGUAGE_STANDARD = "gnu++0x";
				CLANG_CXX_LIBRARY = "libc++";
				CLANG_ENABLE_MODULES = YES;
				CLANG_ENABLE_OBJC_ARC = YES;
				CLANG_WARN_BOOL_CONVERSION = YES;
				CLANG_WARN_CONSTANT_CONVERSION = YES;
				CLANG_WARN_DIRECT_OBJC_ISA_USAGE = YES_ERROR;
				CLANG_WARN_EMPTY_BODY = YES;
				CLANG_WARN_ENUM_CONVERSION = YES;
				CLANG_WARN_INT_CONVERSION = YES;
				CLANG_WARN_OBJC_ROOT_CLASS = YES_ERROR;
				CLANG_WARN_UNREACHABLE_CODE = YES;
				CLANG_WARN__DUPLICATE_METHOD_MATCH = YES;
				"CODE_SIGN_IDENTITY[sdk=iphoneos*]" = "iPhone Developer";
				COPY_PHASE_STRIP = NO;
				DEBUG_INFORMATION_FORMAT = "dwarf-with-dsym";
				ENABLE_NS_ASSERTIONS = NO;
				ENABLE_STRICT_OBJC_MSGSEND = YES;
				GCC_C_LANGUAGE_STANDARD = gnu99;
				GCC_NO_COMMON_BLOCKS = YES;
				GCC_WARN_64_TO_32_BIT_CONVERSION = YES;
				GCC_WARN_ABOUT_RETURN_TYPE = YES_ERROR;
				GCC_WARN_UNDECLARED_SELECTOR = YES;
				GCC_WARN_UNINITIALIZED_AUTOS = YES_AGGRESSIVE;
				GCC_WARN_UNUSED_FUNCTION = YES;
				GCC_WARN_UNUSED_VARIABLE = YES;
				IPHONEOS_DEPLOYMENT_TARGET = 9.2;
				MTL_ENABLE_DEBUG_INFO = NO;
				SDKROOT = iphoneos;
				TARGETED_DEVICE_FAMILY = "1,2";
				VALIDATE_PRODUCT = YES;
			};
			name = Release;
		};
		DC0FE0FD1C834A7900D68DEC /* Debug */ = {
			isa = XCBuildConfiguration;
			buildSettings = {
				ASSETCATALOG_COMPILER_APPICON_NAME = AppIcon;
				INFOPLIST_FILE = "HeadsUpHoldEm-FelixS-iOSDev1/Info.plist";
				LD_RUNPATH_SEARCH_PATHS = "$(inherited) @executable_path/Frameworks";
				PRODUCT_BUNDLE_IDENTIFIER = "com.nsotres.HeadsUpHoldEm-FelixS-iOSDev1";
				PRODUCT_NAME = "$(TARGET_NAME)";
			};
			name = Debug;
		};
		DC0FE0FE1C834A7900D68DEC /* Release */ = {
			isa = XCBuildConfiguration;
			buildSettings = {
				ASSETCATALOG_COMPILER_APPICON_NAME = AppIcon;
				INFOPLIST_FILE = "HeadsUpHoldEm-FelixS-iOSDev1/Info.plist";
				LD_RUNPATH_SEARCH_PATHS = "$(inherited) @executable_path/Frameworks";
				PRODUCT_BUNDLE_IDENTIFIER = "com.nsotres.HeadsUpHoldEm-FelixS-iOSDev1";
				PRODUCT_NAME = "$(TARGET_NAME)";
			};
			name = Release;
		};
		DC0FE1001C834A7900D68DEC /* Debug */ = {
			isa = XCBuildConfiguration;
			buildSettings = {
				BUNDLE_LOADER = "$(TEST_HOST)";
				INFOPLIST_FILE = "HeadsUpHoldEm-FelixS-iOSDev1Tests/Info.plist";
				LD_RUNPATH_SEARCH_PATHS = "$(inherited) @executable_path/Frameworks @loader_path/Frameworks";
				PRODUCT_BUNDLE_IDENTIFIER = "com.nsotres.HeadsUpHoldEm-FelixS-iOSDev1Tests";
				PRODUCT_NAME = "$(TARGET_NAME)";
				TEST_HOST = "$(BUILT_PRODUCTS_DIR)/HeadsUpHoldEm-FelixS-iOSDev1.app/HeadsUpHoldEm-FelixS-iOSDev1";
			};
			name = Debug;
		};
		DC0FE1011C834A7900D68DEC /* Release */ = {
			isa = XCBuildConfiguration;
			buildSettings = {
				BUNDLE_LOADER = "$(TEST_HOST)";
				INFOPLIST_FILE = "HeadsUpHoldEm-FelixS-iOSDev1Tests/Info.plist";
				LD_RUNPATH_SEARCH_PATHS = "$(inherited) @executable_path/Frameworks @loader_path/Frameworks";
				PRODUCT_BUNDLE_IDENTIFIER = "com.nsotres.HeadsUpHoldEm-FelixS-iOSDev1Tests";
				PRODUCT_NAME = "$(TARGET_NAME)";
				TEST_HOST = "$(BUILT_PRODUCTS_DIR)/HeadsUpHoldEm-FelixS-iOSDev1.app/HeadsUpHoldEm-FelixS-iOSDev1";
			};
			name = Release;
		};
		DC0FE1031C834A7900D68DEC /* Debug */ = {
			isa = XCBuildConfiguration;
			buildSettings = {
				INFOPLIST_FILE = "HeadsUpHoldEm-FelixS-iOSDev1UITests/Info.plist";
				LD_RUNPATH_SEARCH_PATHS = "$(inherited) @executable_path/Frameworks @loader_path/Frameworks";
				PRODUCT_BUNDLE_IDENTIFIER = "com.nsotres.HeadsUpHoldEm-FelixS-iOSDev1UITests";
				PRODUCT_NAME = "$(TARGET_NAME)";
				TEST_TARGET_NAME = "HeadsUpHoldEm-FelixS-iOSDev1";
				USES_XCTRUNNER = YES;
			};
			name = Debug;
		};
		DC0FE1041C834A7900D68DEC /* Release */ = {
			isa = XCBuildConfiguration;
			buildSettings = {
				INFOPLIST_FILE = "HeadsUpHoldEm-FelixS-iOSDev1UITests/Info.plist";
				LD_RUNPATH_SEARCH_PATHS = "$(inherited) @executable_path/Frameworks @loader_path/Frameworks";
				PRODUCT_BUNDLE_IDENTIFIER = "com.nsotres.HeadsUpHoldEm-FelixS-iOSDev1UITests";
				PRODUCT_NAME = "$(TARGET_NAME)";
				TEST_TARGET_NAME = "HeadsUpHoldEm-FelixS-iOSDev1";
				USES_XCTRUNNER = YES;
			};
			name = Release;
		};
/* End XCBuildConfiguration section */

/* Begin XCConfigurationList section */
		DC0FE0CF1C834A7900D68DEC /* Build configuration list for PBXProject "HeadsUpHoldEm-FelixS-iOSDev1" */ = {
			isa = XCConfigurationList;
			buildConfigurations = (
				DC0FE0FA1C834A7900D68DEC /* Debug */,
				DC0FE0FB1C834A7900D68DEC /* Release */,
			);
			defaultConfigurationIsVisible = 0;
			defaultConfigurationName = Release;
		};
		DC0FE0FC1C834A7900D68DEC /* Build configuration list for PBXNativeTarget "HeadsUpHoldEm-FelixS-iOSDev1" */ = {
			isa = XCConfigurationList;
			buildConfigurations = (
				DC0FE0FD1C834A7900D68DEC /* Debug */,
				DC0FE0FE1C834A7900D68DEC /* Release */,
			);
			defaultConfigurationIsVisible = 0;
		};
		DC0FE0FF1C834A7900D68DEC /* Build configuration list for PBXNativeTarget "HeadsUpHoldEm-FelixS-iOSDev1Tests" */ = {
			isa = XCConfigurationList;
			buildConfigurations = (
				DC0FE1001C834A7900D68DEC /* Debug */,
				DC0FE1011C834A7900D68DEC /* Release */,
			);
			defaultConfigurationIsVisible = 0;
		};
		DC0FE1021C834A7900D68DEC /* Build configuration list for PBXNativeTarget "HeadsUpHoldEm-FelixS-iOSDev1UITests" */ = {
			isa = XCConfigurationList;
			buildConfigurations = (
				DC0FE1031C834A7900D68DEC /* Debug */,
				DC0FE1041C834A7900D68DEC /* Release */,
			);
			defaultConfigurationIsVisible = 0;
		};
/* End XCConfigurationList section */
	};
	rootObject = DC0FE0CC1C834A7900D68DEC /* Project object */;
}
